# This file is automatically @generated by Cargo.
# It is not intended for manual editing.
[[package]]
name = "adler32"
version = "1.2.0"
source = "registry+https://github.com/rust-lang/crates.io-index"
checksum = "aae1277d39aeec15cb388266ecc24b11c80469deae6067e17a1a7aa9e5c1f234"

[[package]]
name = "ahash"
version = "0.3.8"
source = "registry+https://github.com/rust-lang/crates.io-index"
checksum = "e8fd72866655d1904d6b0997d0b07ba561047d070fbe29de039031c641b61217"
dependencies = [
 "const-random",
]

[[package]]
name = "aho-corasick"
version = "0.7.15"
source = "registry+https://github.com/rust-lang/crates.io-index"
checksum = "7404febffaa47dac81aa44dba71523c9d069b1bdc50a77db41195149e17f68e5"
dependencies = [
 "memchr",
]

[[package]]
name = "ansi_term"
version = "0.11.0"
source = "registry+https://github.com/rust-lang/crates.io-index"
checksum = "ee49baf6cb617b853aa8d93bf420db2383fab46d314482ca2803b40d5fde979b"
dependencies = [
 "winapi 0.3.9",
]

[[package]]
name = "anyhow"
version = "1.0.38"
source = "registry+https://github.com/rust-lang/crates.io-index"
checksum = "afddf7f520a80dbf76e6f50a35bca42a2331ef227a28b3b6dc5c2e2338d114b1"

[[package]]
name = "arc-swap"
version = "1.2.0"
source = "registry+https://github.com/rust-lang/crates.io-index"
checksum = "d4d7d63395147b81a9e570bcc6243aaf71c017bd666d4909cfef0085bdda8d73"

[[package]]
name = "arrayref"
version = "0.3.6"
source = "registry+https://github.com/rust-lang/crates.io-index"
checksum = "a4c527152e37cf757a3f78aae5a06fbeefdb07ccc535c980a3208ee3060dd544"

[[package]]
name = "arrayvec"
version = "0.5.2"
source = "registry+https://github.com/rust-lang/crates.io-index"
checksum = "23b62fc65de8e4e7f52534fb52b0f3ed04746ae267519eef2a83941e8085068b"

[[package]]
name = "atty"
version = "0.2.14"
source = "registry+https://github.com/rust-lang/crates.io-index"
checksum = "d9b39be18770d11421cdb1b9947a45dd3f37e93092cbf377614828a319d5fee8"
dependencies = [
 "hermit-abi",
 "libc",
 "winapi 0.3.9",
]

[[package]]
name = "autocfg"
version = "1.0.1"
source = "registry+https://github.com/rust-lang/crates.io-index"
checksum = "cdb031dd78e28731d87d56cc8ffef4a8f36ca26c38fe2de700543e627f8a464a"

[[package]]
name = "base64"
version = "0.13.0"
source = "registry+https://github.com/rust-lang/crates.io-index"
checksum = "904dfeac50f3cdaba28fc6f57fdcddb75f49ed61346676a78c4ffe55877802fd"

[[package]]
name = "bigdecimal"
version = "0.2.0"
source = "git+https://github.com/dpbriggs/bigdecimal-rs?rev=02ba26b#02ba26b67a6a6bdfd9c941a11f19c0445c69b336"
dependencies = [
 "num-bigint",
 "num-integer",
 "num-traits",
]

[[package]]
name = "bincode"
version = "1.3.1"
source = "registry+https://github.com/rust-lang/crates.io-index"
checksum = "f30d3a39baa26f9651f17b375061f3233dde33424a8b72b0dbe93a68a0bc896d"
dependencies = [
 "byteorder",
 "serde",
]

[[package]]
name = "bitflags"
version = "0.4.0"
source = "registry+https://github.com/rust-lang/crates.io-index"
checksum = "8dead7461c1127cf637931a1e50934eb6eee8bff2f74433ac7909e9afcee04a3"

[[package]]
name = "bitflags"
version = "1.2.1"
source = "registry+https://github.com/rust-lang/crates.io-index"
checksum = "cf1de2fe8c75bc145a2f577add951f8134889b4795d47466a54a5c846d691693"

[[package]]
name = "bitmaps"
version = "2.1.0"
source = "registry+https://github.com/rust-lang/crates.io-index"
checksum = "031043d04099746d8db04daf1fa424b2bc8bd69d92b25962dcde24da39ab64a2"
dependencies = [
 "typenum",
]

[[package]]
name = "bitvec"
version = "0.17.4"
source = "registry+https://github.com/rust-lang/crates.io-index"
checksum = "41262f11d771fd4a61aa3ce019fca363b4b6c282fca9da2a31186d3965a47a5c"
dependencies = [
 "either",
 "radium 0.3.0",
 "serde",
]

[[package]]
name = "bitvec"
version = "0.19.4"
source = "registry+https://github.com/rust-lang/crates.io-index"
checksum = "a7ba35e9565969edb811639dbebfe34edc0368e472c5018474c8eb2543397f81"
dependencies = [
 "funty",
 "radium 0.5.3",
 "tap",
 "wyz",
]

[[package]]
name = "blake2b_simd"
version = "0.5.11"
source = "registry+https://github.com/rust-lang/crates.io-index"
checksum = "afa748e348ad3be8263be728124b24a24f268266f6f5d58af9d75f6a40b5c587"
dependencies = [
 "arrayref",
 "arrayvec",
 "constant_time_eq",
]

[[package]]
name = "byteorder"
version = "1.4.2"
source = "registry+https://github.com/rust-lang/crates.io-index"
checksum = "ae44d1a3d5a19df61dd0c8beb138458ac2a53a7ac09eba97d55592540004306b"

[[package]]
name = "bytes"
version = "1.0.1"
source = "registry+https://github.com/rust-lang/crates.io-index"
checksum = "b700ce4376041dcd0a327fd0097c41095743c4c8af8887265942faf1100bd040"
dependencies = [
 "serde",
]

[[package]]
name = "cc"
version = "1.0.66"
source = "registry+https://github.com/rust-lang/crates.io-index"
checksum = "4c0496836a84f8d0495758516b8621a622beb77c0fed418570e50764093ced48"

[[package]]
name = "cfg-if"
version = "0.1.10"
source = "registry+https://github.com/rust-lang/crates.io-index"
checksum = "4785bdd1c96b2a846b2bd7cc02e86b6b3dbf14e7e53446c4f54c92a361040822"

[[package]]
name = "cfg-if"
version = "1.0.0"
source = "registry+https://github.com/rust-lang/crates.io-index"
checksum = "baf1de4339761588bc0619e3cbc0120ee582ebb74b53b4efbf79117bd2da40fd"

[[package]]
name = "chash_map"
version = "0.1.0"
dependencies = [
 "ahash",
 "crossbeam-epoch",
 "num_cpus",
 "parking_lot 0.10.2",
]

[[package]]
name = "chrono"
version = "0.4.19"
source = "registry+https://github.com/rust-lang/crates.io-index"
checksum = "670ad68c9088c2a963aaa298cb369688cf3f9465ce5e2d4ca10e6e0098a1ce73"
dependencies = [
 "libc",
 "num-integer",
 "num-traits",
 "time",
 "winapi 0.3.9",
]

[[package]]
name = "clap"
version = "2.33.3"
source = "registry+https://github.com/rust-lang/crates.io-index"
checksum = "37e58ac78573c40708d45522f0d80fa2f01cc4f9b4e2bf749807255454312002"
dependencies = [
 "ansi_term",
 "atty",
 "bitflags 1.2.1",
 "strsim",
 "textwrap",
 "unicode-width",
 "vec_map",
]

[[package]]
name = "cloudabi"
version = "0.0.3"
source = "registry+https://github.com/rust-lang/crates.io-index"
checksum = "ddfc5b9aa5d4507acaf872de71051dfd0e309860e88966e1051e462a077aac4f"
dependencies = [
 "bitflags 1.2.1",
]

[[package]]
name = "const-random"
version = "0.1.13"
source = "registry+https://github.com/rust-lang/crates.io-index"
checksum = "f590d95d011aa80b063ffe3253422ed5aa462af4e9867d43ce8337562bac77c4"
dependencies = [
 "const-random-macro",
 "proc-macro-hack",
]

[[package]]
name = "const-random-macro"
version = "0.1.13"
source = "registry+https://github.com/rust-lang/crates.io-index"
checksum = "615f6e27d000a2bffbc7f2f6a8669179378fa27ee4d0a509e985dfc0a7defb40"
dependencies = [
 "getrandom 0.2.2",
 "lazy_static",
 "proc-macro-hack",
 "tiny-keccak",
]

[[package]]
name = "constant_time_eq"
version = "0.1.5"
source = "registry+https://github.com/rust-lang/crates.io-index"
checksum = "245097e9a4535ee1e3e3931fcfcd55a796a44c643e8596ff6566d68f09b87bbc"

[[package]]
name = "crc32fast"
version = "1.2.1"
source = "registry+https://github.com/rust-lang/crates.io-index"
checksum = "81156fece84ab6a9f2afdb109ce3ae577e42b1228441eded99bd77f627953b1a"
dependencies = [
 "cfg-if 1.0.0",
]

[[package]]
name = "crossbeam"
version = "0.2.12"
source = "registry+https://github.com/rust-lang/crates.io-index"
checksum = "bd66663db5a988098a89599d4857919b3acf7f61402e61365acfd3919857b9be"

[[package]]
name = "crossbeam-channel"
version = "0.5.0"
source = "registry+https://github.com/rust-lang/crates.io-index"
checksum = "dca26ee1f8d361640700bde38b2c37d8c22b3ce2d360e1fc1c74ea4b0aa7d775"
dependencies = [
 "cfg-if 1.0.0",
 "crossbeam-utils 0.8.1",
]

[[package]]
name = "crossbeam-epoch"
version = "0.8.2"
source = "registry+https://github.com/rust-lang/crates.io-index"
checksum = "058ed274caafc1f60c4997b5fc07bf7dc7cca454af7c6e81edffe5f33f70dace"
dependencies = [
 "autocfg",
 "cfg-if 0.1.10",
 "crossbeam-utils 0.7.2",
 "lazy_static",
 "maybe-uninit",
 "memoffset",
 "scopeguard",
]

[[package]]
name = "crossbeam-utils"
version = "0.7.2"
source = "registry+https://github.com/rust-lang/crates.io-index"
checksum = "c3c7c73a2d1e9fc0886a08b93e98eb643461230d5f1925e4036204d5f2e261a8"
dependencies = [
 "autocfg",
 "cfg-if 0.1.10",
 "lazy_static",
]

[[package]]
name = "crossbeam-utils"
version = "0.8.1"
source = "registry+https://github.com/rust-lang/crates.io-index"
checksum = "02d96d1e189ef58269ebe5b97953da3274d83a93af647c2ddd6f9dab28cedb8d"
dependencies = [
 "autocfg",
 "cfg-if 1.0.0",
 "lazy_static",
]

[[package]]
name = "crunchy"
version = "0.2.2"
source = "registry+https://github.com/rust-lang/crates.io-index"
checksum = "7a81dae078cea95a014a339291cec439d2f232ebe854a9d672b796c6afafa9b7"

[[package]]
name = "dashmap"
version = "3.11.10"
source = "registry+https://github.com/rust-lang/crates.io-index"
checksum = "0f260e2fc850179ef410018660006951c1b55b79e8087e87111a2c388994b9b5"
dependencies = [
 "ahash",
 "cfg-if 0.1.10",
 "num_cpus",
]

[[package]]
name = "dashmap"
version = "4.0.2"
source = "registry+https://github.com/rust-lang/crates.io-index"
checksum = "e77a43b28d0668df09411cb0bc9a8c2adc40f9a048afe863e05fd43251e8e39c"
dependencies = [
 "cfg-if 1.0.0",
 "num_cpus",
 "serde",
]

[[package]]
name = "directories"
version = "2.0.2"
source = "registry+https://github.com/rust-lang/crates.io-index"
checksum = "551a778172a450d7fc12e629ca3b0428d00f6afa9a43da1b630d54604e97371c"
dependencies = [
 "cfg-if 0.1.10",
 "dirs-sys",
]

[[package]]
name = "dirs"
version = "2.0.2"
source = "registry+https://github.com/rust-lang/crates.io-index"
checksum = "13aea89a5c93364a98e9b37b2fa237effbb694d5cfe01c5b70941f7eb087d5e3"
dependencies = [
 "cfg-if 0.1.10",
 "dirs-sys",
]

[[package]]
name = "dirs-next"
version = "2.0.0"
source = "registry+https://github.com/rust-lang/crates.io-index"
checksum = "b98cf8ebf19c3d1b223e151f99a4f9f0690dca41414773390fc824184ac833e1"
dependencies = [
 "cfg-if 1.0.0",
 "dirs-sys-next",
]

[[package]]
name = "dirs-sys"
version = "0.3.5"
source = "registry+https://github.com/rust-lang/crates.io-index"
checksum = "8e93d7f5705de3e49895a2b5e0b8855a1c27f080192ae9c32a6432d50741a57a"
dependencies = [
 "libc",
 "redox_users 0.3.5",
 "winapi 0.3.9",
]

[[package]]
name = "dirs-sys-next"
version = "0.1.2"
source = "registry+https://github.com/rust-lang/crates.io-index"
checksum = "4ebda144c4fe02d1f7ea1a7d9641b6fc6b580adcfa024ae48797ecdeb6825b4d"
dependencies = [
 "libc",
 "redox_users 0.4.0",
 "winapi 0.3.9",
]

[[package]]
name = "ds_opt"
version = "0.1.0"
dependencies = [
 "bincode",
 "bytes",
 "chash_map",
 "dashmap 4.0.2",
 "directories",
 "futures",
 "futures-util",
 "growable-bloom-filter",
 "lazy_static",
 "memchr",
 "num-traits",
 "parking_lot 0.9.0",
 "promptly",
 "rand",
 "rmp-serde",
 "seahash",
 "serde",
 "serde_bytes",
 "serde_derive",
 "shlex",
 "slog",
 "sloggers",
 "smallvec 1.6.1",
 "spin",
 "structopt",
 "tokio",
 "tokio-util",
 "x7",
]

[[package]]
name = "either"
version = "1.6.1"
source = "registry+https://github.com/rust-lang/crates.io-index"
checksum = "e78d4f1cc4ae33bbfc157ed5d5a5ef3bc29227303d595861deb238fcec4e9457"

[[package]]
name = "encode_unicode"
version = "0.1.3"
source = "registry+https://github.com/rust-lang/crates.io-index"
checksum = "28d65f1f5841ef7c6792861294b72beda34c664deb8be27970f36c306b7da1ce"

[[package]]
name = "fs2"
version = "0.4.3"
source = "registry+https://github.com/rust-lang/crates.io-index"
checksum = "9564fc758e15025b46aa6643b1b77d047d1a56a1aea6e01002ac0c7026876213"
dependencies = [
 "libc",
 "winapi 0.3.9",
]

[[package]]
name = "funty"
version = "1.1.0"
source = "registry+https://github.com/rust-lang/crates.io-index"
checksum = "fed34cd105917e91daa4da6b3728c47b068749d6a62c59811f06ed2ac71d9da7"

[[package]]
name = "futures"
version = "0.3.12"
source = "registry+https://github.com/rust-lang/crates.io-index"
checksum = "da9052a1a50244d8d5aa9bf55cbc2fb6f357c86cc52e46c62ed390a7180cf150"
dependencies = [
 "futures-channel",
 "futures-core",
 "futures-executor",
 "futures-io",
 "futures-sink",
 "futures-task",
 "futures-util",
]

[[package]]
name = "futures-channel"
version = "0.3.12"
source = "registry+https://github.com/rust-lang/crates.io-index"
checksum = "f2d31b7ec7efab6eefc7c57233bb10b847986139d88cc2f5a02a1ae6871a1846"
dependencies = [
 "futures-core",
 "futures-sink",
]

[[package]]
name = "futures-core"
version = "0.3.12"
source = "registry+https://github.com/rust-lang/crates.io-index"
checksum = "79e5145dde8da7d1b3892dad07a9c98fc04bc39892b1ecc9692cf53e2b780a65"

[[package]]
name = "futures-executor"
version = "0.3.12"
source = "registry+https://github.com/rust-lang/crates.io-index"
checksum = "e9e59fdc009a4b3096bf94f740a0f2424c082521f20a9b08c5c07c48d90fd9b9"
dependencies = [
 "futures-core",
 "futures-task",
 "futures-util",
]

[[package]]
name = "futures-io"
version = "0.3.12"
source = "registry+https://github.com/rust-lang/crates.io-index"
checksum = "28be053525281ad8259d47e4de5de657b25e7bac113458555bb4b70bc6870500"

[[package]]
name = "futures-macro"
version = "0.3.12"
source = "registry+https://github.com/rust-lang/crates.io-index"
checksum = "c287d25add322d9f9abdcdc5927ca398917996600182178774032e9f8258fedd"
dependencies = [
 "proc-macro-hack",
 "proc-macro2",
 "quote",
 "syn",
]

[[package]]
name = "futures-sink"
version = "0.3.12"
source = "registry+https://github.com/rust-lang/crates.io-index"
checksum = "caf5c69029bda2e743fddd0582d1083951d65cc9539aebf8812f36c3491342d6"

[[package]]
name = "futures-task"
version = "0.3.12"
source = "registry+https://github.com/rust-lang/crates.io-index"
checksum = "13de07eb8ea81ae445aca7b69f5f7bf15d7bf4912d8ca37d6645c77ae8a58d86"
dependencies = [
 "once_cell",
]

[[package]]
name = "futures-util"
version = "0.3.12"
source = "registry+https://github.com/rust-lang/crates.io-index"
checksum = "632a8cd0f2a4b3fdea1657f08bde063848c3bd00f9bbf6e256b8be78802e624b"
dependencies = [
 "futures-channel",
 "futures-core",
 "futures-io",
 "futures-macro",
 "futures-sink",
 "futures-task",
 "memchr",
 "pin-project-lite",
 "pin-utils",
 "proc-macro-hack",
 "proc-macro-nested",
 "slab",
]

[[package]]
name = "getrandom"
version = "0.1.16"
source = "registry+https://github.com/rust-lang/crates.io-index"
checksum = "8fc3cb4d91f53b50155bdcfd23f6a4c39ae1969c2ae85982b135750cccaf5fce"
dependencies = [
 "cfg-if 1.0.0",
 "libc",
 "wasi 0.9.0+wasi-snapshot-preview1",
]

[[package]]
name = "getrandom"
version = "0.2.2"
source = "registry+https://github.com/rust-lang/crates.io-index"
checksum = "c9495705279e7140bf035dde1f6e750c162df8b625267cd52cc44e0b156732c8"
dependencies = [
 "cfg-if 1.0.0",
 "libc",
 "wasi 0.10.2+wasi-snapshot-preview1",
]

[[package]]
name = "growable-bloom-filter"
version = "0.2.3"
source = "registry+https://github.com/rust-lang/crates.io-index"
checksum = "68f45ae23eb275f12bcbb64d595397656842b419531e037ae556b5c9254fb16d"
dependencies = [
 "bitvec 0.17.4",
 "seahash",
 "serde",
 "serde_derive",
]

[[package]]
name = "heck"
version = "0.3.2"
source = "registry+https://github.com/rust-lang/crates.io-index"
checksum = "87cbf45460356b7deeb5e3415b5563308c0a9b057c85e12b06ad551f98d0a6ac"
dependencies = [
 "unicode-segmentation",
]

[[package]]
name = "hermit-abi"
version = "0.1.18"
source = "registry+https://github.com/rust-lang/crates.io-index"
checksum = "322f4de77956e22ed0e5032c359a0f1273f1f7f0d79bfa3b8ffbc730d7fbcc5c"
dependencies = [
 "libc",
]

[[package]]
name = "im"
version = "15.0.0"
source = "registry+https://github.com/rust-lang/crates.io-index"
checksum = "111c1983f3c5bb72732df25cddacee9b546d08325fb584b5ebd38148be7b0246"
dependencies = [
 "bitmaps",
 "rand_core",
 "rand_xoshiro",
 "sized-chunks",
 "typenum",
 "version_check",
]

[[package]]
name = "instant"
version = "0.1.9"
source = "registry+https://github.com/rust-lang/crates.io-index"
checksum = "61124eeebbd69b8190558df225adf7e4caafce0d743919e5d6b19652314ec5ec"
dependencies = [
 "cfg-if 1.0.0",
]

[[package]]
name = "itertools"
version = "0.9.0"
source = "registry+https://github.com/rust-lang/crates.io-index"
checksum = "284f18f85651fe11e8a991b2adb42cb078325c996ed026d994719efcfca1d54b"
dependencies = [
 "either",
]

[[package]]
name = "kernel32-sys"
version = "0.2.2"
source = "registry+https://github.com/rust-lang/crates.io-index"
checksum = "7507624b29483431c0ba2d82aece8ca6cdba9382bff4ddd0f7490560c056098d"
dependencies = [
 "winapi 0.2.8",
 "winapi-build",
]

[[package]]
name = "lazy_static"
version = "1.4.0"
source = "registry+https://github.com/rust-lang/crates.io-index"
checksum = "e2abad23fbc42b3700f2f279844dc832adb2b2eb069b2df918f455c4e18cc646"

[[package]]
name = "lexical-core"
version = "0.7.4"
source = "registry+https://github.com/rust-lang/crates.io-index"
checksum = "db65c6da02e61f55dae90a0ae427b2a5f6b3e8db09f58d10efab23af92592616"
dependencies = [
 "arrayvec",
 "bitflags 1.2.1",
 "cfg-if 0.1.10",
 "ryu",
 "static_assertions",
]

[[package]]
name = "libc"
version = "0.2.85"
source = "registry+https://github.com/rust-lang/crates.io-index"
checksum = "7ccac4b00700875e6a07c6cde370d44d32fa01c5a65cdd2fca6858c479d28bb3"

[[package]]
name = "libflate"
version = "0.1.27"
source = "registry+https://github.com/rust-lang/crates.io-index"
checksum = "d9135df43b1f5d0e333385cb6e7897ecd1a43d7d11b91ac003f4d2c2d2401fdd"
dependencies = [
 "adler32",
 "crc32fast",
 "rle-decode-fast",
 "take_mut",
]

[[package]]
name = "lock_api"
version = "0.3.4"
source = "registry+https://github.com/rust-lang/crates.io-index"
checksum = "c4da24a77a3d8a6d4862d95f72e6fdb9c09a643ecdb402d754004a557f2bec75"
dependencies = [
 "scopeguard",
 "serde",
]

[[package]]
name = "lock_api"
version = "0.4.2"
source = "registry+https://github.com/rust-lang/crates.io-index"
checksum = "dd96ffd135b2fd7b973ac026d28085defbe8983df057ced3eb4f2130b0831312"
dependencies = [
 "scopeguard",
]

[[package]]
name = "log"
version = "0.3.9"
source = "registry+https://github.com/rust-lang/crates.io-index"
checksum = "e19e8d5c34a3e0e2223db8e060f9e8264aeeb5c5fc64a4ee9965c062211c024b"
dependencies = [
 "log 0.4.14",
]

[[package]]
name = "log"
version = "0.4.14"
source = "registry+https://github.com/rust-lang/crates.io-index"
checksum = "51b9bbe6c47d51fc3e1a9b945965946b4c44142ab8792c50835a980d362c2710"
dependencies = [
 "cfg-if 1.0.0",
]

[[package]]
name = "maybe-uninit"
version = "2.0.0"
source = "registry+https://github.com/rust-lang/crates.io-index"
checksum = "60302e4db3a61da70c0cb7991976248362f30319e88850c487b9b95bbf059e00"

[[package]]
name = "memchr"
version = "2.3.4"
source = "registry+https://github.com/rust-lang/crates.io-index"
checksum = "0ee1c47aaa256ecabcaea351eae4a9b01ef39ed810004e298d2511ed284b1525"

[[package]]
name = "memoffset"
version = "0.5.6"
source = "registry+https://github.com/rust-lang/crates.io-index"
checksum = "043175f069eda7b85febe4a74abbaeff828d9f8b448515d3151a14a3542811aa"
dependencies = [
 "autocfg",
]

[[package]]
name = "mio"
version = "0.7.7"
source = "registry+https://github.com/rust-lang/crates.io-index"
checksum = "e50ae3f04d169fcc9bde0b547d1c205219b7157e07ded9c5aff03e0637cb3ed7"
dependencies = [
 "libc",
 "log 0.4.14",
 "miow",
 "ntapi",
 "winapi 0.3.9",
]

[[package]]
name = "miow"
version = "0.3.6"
source = "registry+https://github.com/rust-lang/crates.io-index"
checksum = "5a33c1b55807fbed163481b5ba66db4b2fa6cde694a5027be10fb724206c5897"
dependencies = [
 "socket2",
 "winapi 0.3.9",
]

[[package]]
name = "nix"
version = "0.5.1"
source = "registry+https://github.com/rust-lang/crates.io-index"
checksum = "bfb3ddedaa14746434a02041940495bf11325c22f6d36125d3bdd56090d50a79"
dependencies = [
 "bitflags 0.4.0",
 "libc",
]

[[package]]
name = "nix"
version = "0.19.1"
source = "registry+https://github.com/rust-lang/crates.io-index"
checksum = "b2ccba0cfe4fdf15982d1674c69b1fd80bad427d293849982668dfe454bd61f2"
dependencies = [
 "bitflags 1.2.1",
 "cc",
 "cfg-if 1.0.0",
 "libc",
]

[[package]]
name = "nom"
version = "6.1.0"
source = "registry+https://github.com/rust-lang/crates.io-index"
checksum = "ab6f70b46d6325aa300f1c7bb3d470127dfc27806d8ea6bf294ee0ce643ce2b1"
dependencies = [
 "bitvec 0.19.4",
 "lexical-core",
 "memchr",
 "version_check",
]

[[package]]
name = "ntapi"
version = "0.3.6"
source = "registry+https://github.com/rust-lang/crates.io-index"
checksum = "3f6bb902e437b6d86e03cce10a7e2af662292c5dfef23b65899ea3ac9354ad44"
dependencies = [
 "winapi 0.3.9",
]

[[package]]
name = "num-bigint"
version = "0.3.1"
source = "registry+https://github.com/rust-lang/crates.io-index"
checksum = "5e9a41747ae4633fce5adffb4d2e81ffc5e89593cb19917f8fb2cc5ff76507bf"
dependencies = [
 "autocfg",
 "num-integer",
 "num-traits",
]

[[package]]
name = "num-integer"
version = "0.1.44"
source = "registry+https://github.com/rust-lang/crates.io-index"
checksum = "d2cc698a63b549a70bc047073d2949cce27cd1c7b0a4a862d08a8031bc2801db"
dependencies = [
 "autocfg",
 "num-traits",
]

[[package]]
name = "num-traits"
version = "0.2.14"
source = "registry+https://github.com/rust-lang/crates.io-index"
checksum = "9a64b1ec5cda2586e284722486d802acf1f7dbdc623e2bfc57e65ca1cd099290"
dependencies = [
 "autocfg",
]

[[package]]
name = "num_cpus"
version = "1.13.0"
source = "registry+https://github.com/rust-lang/crates.io-index"
checksum = "05499f3756671c15885fee9034446956fff3f243d6077b91e5767df161f766b3"
dependencies = [
 "hermit-abi",
 "libc",
]

[[package]]
name = "once_cell"
version = "1.5.2"
source = "registry+https://github.com/rust-lang/crates.io-index"
checksum = "13bd41f508810a131401606d54ac32a467c97172d74ba7662562ebba5ad07fa0"

[[package]]
name = "parking_lot"
version = "0.9.0"
source = "registry+https://github.com/rust-lang/crates.io-index"
checksum = "f842b1982eb6c2fe34036a4fbfb06dd185a3f5c8edfaacdf7d1ea10b07de6252"
dependencies = [
 "lock_api 0.3.4",
 "parking_lot_core 0.6.2",
 "rustc_version",
]

[[package]]
name = "parking_lot"
version = "0.10.2"
source = "registry+https://github.com/rust-lang/crates.io-index"
checksum = "d3a704eb390aafdc107b0e392f56a82b668e3a71366993b5340f5833fd62505e"
dependencies = [
 "lock_api 0.3.4",
 "parking_lot_core 0.7.2",
]

[[package]]
name = "parking_lot"
version = "0.11.1"
source = "registry+https://github.com/rust-lang/crates.io-index"
checksum = "6d7744ac029df22dca6284efe4e898991d28e3085c706c972bcd7da4a27a15eb"
dependencies = [
 "instant",
 "lock_api 0.4.2",
 "parking_lot_core 0.8.2",
]

[[package]]
name = "parking_lot_core"
version = "0.6.2"
source = "registry+https://github.com/rust-lang/crates.io-index"
checksum = "b876b1b9e7ac6e1a74a6da34d25c42e17e8862aa409cbbbdcfc8d86c6f3bc62b"
dependencies = [
 "cfg-if 0.1.10",
 "cloudabi",
 "libc",
 "redox_syscall 0.1.57",
 "rustc_version",
 "smallvec 0.6.14",
 "winapi 0.3.9",
]

[[package]]
name = "parking_lot_core"
version = "0.7.2"
source = "registry+https://github.com/rust-lang/crates.io-index"
checksum = "d58c7c768d4ba344e3e8d72518ac13e259d7c7ade24167003b8488e10b6740a3"
dependencies = [
 "cfg-if 0.1.10",
 "cloudabi",
 "libc",
 "redox_syscall 0.1.57",
 "smallvec 1.6.1",
 "winapi 0.3.9",
]

[[package]]
name = "parking_lot_core"
version = "0.8.2"
source = "registry+https://github.com/rust-lang/crates.io-index"
checksum = "9ccb628cad4f84851442432c60ad8e1f607e29752d0bf072cbd0baf28aa34272"
dependencies = [
 "cfg-if 1.0.0",
 "instant",
 "libc",
 "redox_syscall 0.1.57",
 "smallvec 1.6.1",
 "winapi 0.3.9",
]

[[package]]
name = "pin-project-lite"
version = "0.2.4"
source = "registry+https://github.com/rust-lang/crates.io-index"
checksum = "439697af366c49a6d0a010c56a0d97685bc140ce0d377b13a2ea2aa42d64a827"

[[package]]
name = "pin-utils"
version = "0.1.0"
source = "registry+https://github.com/rust-lang/crates.io-index"
checksum = "8b870d8c151b6f2fb93e84a13146138f05d02ed11c7e7c54f8826aaaf7c9f184"

[[package]]
name = "ppv-lite86"
version = "0.2.10"
source = "registry+https://github.com/rust-lang/crates.io-index"
checksum = "ac74c624d6b2d21f425f752262f42188365d7b8ff1aff74c82e45136510a4857"

[[package]]
name = "proc-macro-error"
version = "1.0.4"
source = "registry+https://github.com/rust-lang/crates.io-index"
checksum = "da25490ff9892aab3fcf7c36f08cfb902dd3e71ca0f9f9517bea02a73a5ce38c"
dependencies = [
 "proc-macro-error-attr",
 "proc-macro2",
 "quote",
 "syn",
 "version_check",
]

[[package]]
name = "proc-macro-error-attr"
version = "1.0.4"
source = "registry+https://github.com/rust-lang/crates.io-index"
checksum = "a1be40180e52ecc98ad80b184934baf3d0d29f979574e439af5a55274b35f869"
dependencies = [
 "proc-macro2",
 "quote",
 "version_check",
]

[[package]]
name = "proc-macro-hack"
version = "0.5.19"
source = "registry+https://github.com/rust-lang/crates.io-index"
checksum = "dbf0c48bc1d91375ae5c3cd81e3722dff1abcf81a30960240640d223f59fe0e5"

[[package]]
name = "proc-macro-nested"
version = "0.1.7"
source = "registry+https://github.com/rust-lang/crates.io-index"
checksum = "bc881b2c22681370c6a780e47af9840ef841837bc98118431d4e1868bd0c1086"

[[package]]
name = "proc-macro2"
version = "1.0.24"
source = "registry+https://github.com/rust-lang/crates.io-index"
checksum = "1e0704ee1a7e00d7bb417d0770ea303c1bccbabf0ef1667dae92b5967f5f8a71"
dependencies = [
 "unicode-xid",
]

[[package]]
name = "promptly"
version = "0.1.5"
source = "registry+https://github.com/rust-lang/crates.io-index"
checksum = "90c082526d7e3401d1cde22b0c024d9fcc2ea005610fdb5d00de6199bc2840b2"
dependencies = [
 "rustyline 1.0.0",
]

[[package]]
name = "quote"
version = "1.0.8"
source = "registry+https://github.com/rust-lang/crates.io-index"
checksum = "991431c3519a3f36861882da93630ce66b52918dcf1b8e2fd66b397fc96f28df"
dependencies = [
 "proc-macro2",
]

[[package]]
name = "radium"
version = "0.3.0"
source = "registry+https://github.com/rust-lang/crates.io-index"
checksum = "def50a86306165861203e7f84ecffbbdfdea79f0e51039b33de1e952358c47ac"

[[package]]
name = "radium"
version = "0.5.3"
source = "registry+https://github.com/rust-lang/crates.io-index"
checksum = "941ba9d78d8e2f7ce474c015eea4d9c6d25b6a3327f9832ee29a4de27f91bbb8"

[[package]]
name = "rand"
version = "0.7.3"
source = "registry+https://github.com/rust-lang/crates.io-index"
checksum = "6a6b1679d49b24bbfe0c803429aa1874472f50d9b363131f0e89fc356b544d03"
dependencies = [
 "getrandom 0.1.16",
 "libc",
 "rand_chacha",
 "rand_core",
 "rand_hc",
]

[[package]]
name = "rand_chacha"
version = "0.2.2"
source = "registry+https://github.com/rust-lang/crates.io-index"
checksum = "f4c8ed856279c9737206bf725bf36935d8666ead7aa69b52be55af369d193402"
dependencies = [
 "ppv-lite86",
 "rand_core",
]

[[package]]
name = "rand_core"
version = "0.5.1"
source = "registry+https://github.com/rust-lang/crates.io-index"
checksum = "90bde5296fc891b0cef12a6d03ddccc162ce7b2aff54160af9338f8d40df6d19"
dependencies = [
 "getrandom 0.1.16",
]

[[package]]
name = "rand_hc"
version = "0.2.0"
source = "registry+https://github.com/rust-lang/crates.io-index"
checksum = "ca3129af7b92a17112d59ad498c6f81eaf463253766b90396d39ea7a39d6613c"
dependencies = [
 "rand_core",
]

[[package]]
name = "rand_xoshiro"
version = "0.4.0"
source = "registry+https://github.com/rust-lang/crates.io-index"
checksum = "a9fcdd2e881d02f1d9390ae47ad8e5696a9e4be7b547a1da2afbc61973217004"
dependencies = [
 "rand_core",
]

[[package]]
name = "redox_syscall"
version = "0.1.57"
source = "registry+https://github.com/rust-lang/crates.io-index"
checksum = "41cc0f7e4d5d4544e8861606a285bb08d3e70712ccc7d2b84d7c0ccfaf4b05ce"

[[package]]
name = "redox_syscall"
version = "0.2.4"
source = "registry+https://github.com/rust-lang/crates.io-index"
checksum = "05ec8ca9416c5ea37062b502703cd7fcb207736bc294f6e0cf367ac6fc234570"
dependencies = [
 "bitflags 1.2.1",
]

[[package]]
name = "redox_users"
version = "0.3.5"
source = "registry+https://github.com/rust-lang/crates.io-index"
checksum = "de0737333e7a9502c789a36d7c7fa6092a49895d4faa31ca5df163857ded2e9d"
dependencies = [
 "getrandom 0.1.16",
 "redox_syscall 0.1.57",
 "rust-argon2",
]

[[package]]
name = "redox_users"
version = "0.4.0"
source = "registry+https://github.com/rust-lang/crates.io-index"
checksum = "528532f3d801c87aec9def2add9ca802fe569e44a544afe633765267840abe64"
dependencies = [
 "getrandom 0.2.2",
 "redox_syscall 0.2.4",
]

[[package]]
name = "regex"
version = "1.4.3"
source = "registry+https://github.com/rust-lang/crates.io-index"
checksum = "d9251239e129e16308e70d853559389de218ac275b515068abc96829d05b948a"
dependencies = [
 "aho-corasick",
 "memchr",
 "regex-syntax",
 "thread_local",
]

[[package]]
name = "regex-syntax"
version = "0.6.22"
source = "registry+https://github.com/rust-lang/crates.io-index"
checksum = "b5eb417147ba9860a96cfe72a0b93bf88fee1744b5636ec99ab20c1aa9376581"

[[package]]
name = "rle-decode-fast"
version = "1.0.1"
source = "registry+https://github.com/rust-lang/crates.io-index"
checksum = "cabe4fa914dec5870285fa7f71f602645da47c486e68486d2b4ceb4a343e90ac"

[[package]]
name = "rmp"
version = "0.8.10"
source = "registry+https://github.com/rust-lang/crates.io-index"
checksum = "4f55e5fa1446c4d5dd1f5daeed2a4fe193071771a2636274d0d7a3b082aa7ad6"
dependencies = [
 "byteorder",
 "num-traits",
]

[[package]]
name = "rmp-serde"
version = "0.14.4"
source = "registry+https://github.com/rust-lang/crates.io-index"
checksum = "4ce7d70c926fe472aed493b902010bccc17fa9f7284145cb8772fd22fdb052d8"
dependencies = [
 "byteorder",
 "rmp",
 "serde",
]

[[package]]
name = "rust-argon2"
version = "0.8.3"
source = "registry+https://github.com/rust-lang/crates.io-index"
checksum = "4b18820d944b33caa75a71378964ac46f58517c92b6ae5f762636247c09e78fb"
dependencies = [
 "base64",
 "blake2b_simd",
 "constant_time_eq",
 "crossbeam-utils 0.8.1",
]

[[package]]
name = "rustc_version"
version = "0.2.3"
source = "registry+https://github.com/rust-lang/crates.io-index"
checksum = "138e3e0acb6c9fb258b19b67cb8abd63c00679d2851805ea151465464fe9030a"
dependencies = [
 "semver",
]

[[package]]
name = "rustyline"
version = "1.0.0"
source = "registry+https://github.com/rust-lang/crates.io-index"
checksum = "00b06ac9c8e8e3e83b33d175d39a9f7b6c2c930c82990593719c8e48788ae2d9"
dependencies = [
 "encode_unicode",
 "kernel32-sys",
 "libc",
 "nix 0.5.1",
 "unicode-width",
 "winapi 0.2.8",
]

[[package]]
name = "rustyline"
version = "7.1.0"
source = "registry+https://github.com/rust-lang/crates.io-index"
checksum = "8227301bfc717136f0ecbd3d064ba8199e44497a0bdd46bb01ede4387cfd2cec"
dependencies = [
 "bitflags 1.2.1",
 "cfg-if 1.0.0",
 "dirs-next",
 "fs2",
 "libc",
 "log 0.4.14",
 "memchr",
 "nix 0.19.1",
 "scopeguard",
 "unicode-segmentation",
 "unicode-width",
 "utf8parse",
 "winapi 0.3.9",
]

[[package]]
name = "rustyline-derive"
version = "0.4.0"
source = "registry+https://github.com/rust-lang/crates.io-index"
checksum = "db9dfbf470021de34cfaf6983067f460ea19164934a7c2d4b92eec0968eb95f1"
dependencies = [
 "quote",
 "syn",
]

[[package]]
name = "ryu"
version = "1.0.5"
source = "registry+https://github.com/rust-lang/crates.io-index"
checksum = "71d301d4193d031abdd79ff7e3dd721168a9572ef3fe51a1517aba235bd8f86e"

[[package]]
name = "same-file"
version = "1.0.6"
source = "registry+https://github.com/rust-lang/crates.io-index"
checksum = "93fc1dc3aaa9bfed95e02e6eadabb4baf7e3078b0bd1b4d7b6b0b68378900502"
dependencies = [
 "winapi-util",
]

[[package]]
name = "scopeguard"
version = "1.1.0"
source = "registry+https://github.com/rust-lang/crates.io-index"
checksum = "d29ab0c6d3fc0ee92fe66e2d99f700eab17a8d57d1c1d3b748380fb20baa78cd"

[[package]]
name = "seahash"
version = "3.0.7"
source = "registry+https://github.com/rust-lang/crates.io-index"
checksum = "58f57ca1d128a43733fd71d583e837b1f22239a37ebea09cde11d8d9a9080f47"

[[package]]
name = "semver"
version = "0.9.0"
source = "registry+https://github.com/rust-lang/crates.io-index"
checksum = "1d7eb9ef2c18661902cc47e535f9bc51b78acd254da71d375c2f6720d9a40403"
dependencies = [
 "semver-parser",
]

[[package]]
name = "semver-parser"
version = "0.7.0"
source = "registry+https://github.com/rust-lang/crates.io-index"
checksum = "388a1df253eca08550bef6c72392cfe7c30914bf41df5269b68cbd6ff8f570a3"

[[package]]
name = "serde"
version = "1.0.123"
source = "registry+https://github.com/rust-lang/crates.io-index"
checksum = "92d5161132722baa40d802cc70b15262b98258453e85e5d1d365c757c73869ae"
dependencies = [
 "serde_derive",
]

[[package]]
name = "serde_bytes"
version = "0.11.5"
source = "registry+https://github.com/rust-lang/crates.io-index"
checksum = "16ae07dd2f88a366f15bd0632ba725227018c69a1c8550a927324f8eb8368bb9"
dependencies = [
 "serde",
]

[[package]]
name = "serde_derive"
version = "1.0.123"
source = "registry+https://github.com/rust-lang/crates.io-index"
checksum = "9391c295d64fc0abb2c556bad848f33cb8296276b1ad2677d1ae1ace4f258f31"
dependencies = [
 "proc-macro2",
 "quote",
 "syn",
]

[[package]]
name = "shlex"
version = "0.1.1"
source = "registry+https://github.com/rust-lang/crates.io-index"
checksum = "7fdf1b9db47230893d76faad238fd6097fd6d6a9245cd7a4d90dbd639536bbd2"

[[package]]
name = "signal-hook-registry"
version = "1.3.0"
source = "registry+https://github.com/rust-lang/crates.io-index"
checksum = "16f1d0fef1604ba8f7a073c7e701f213e056707210e9020af4528e0101ce11a6"
dependencies = [
 "libc",
]

[[package]]
name = "sized-chunks"
version = "0.6.2"
source = "registry+https://github.com/rust-lang/crates.io-index"
checksum = "1ec31ceca5644fa6d444cc77548b88b67f46db6f7c71683b0f9336e671830d2f"
dependencies = [
 "bitmaps",
 "typenum",
]

[[package]]
name = "slab"
version = "0.4.2"
source = "registry+https://github.com/rust-lang/crates.io-index"
checksum = "c111b5bd5695e56cffe5129854aa230b39c93a305372fdbb2668ca2394eea9f8"

[[package]]
name = "slog"
version = "2.7.0"
source = "registry+https://github.com/rust-lang/crates.io-index"
checksum = "8347046d4ebd943127157b94d63abb990fcf729dc4e9978927fdf4ac3c998d06"

[[package]]
name = "slog-async"
version = "2.6.0"
source = "registry+https://github.com/rust-lang/crates.io-index"
checksum = "c60813879f820c85dbc4eabf3269befe374591289019775898d56a81a804fbdc"
dependencies = [
 "crossbeam-channel",
 "slog",
 "take_mut",
 "thread_local",
]

[[package]]
name = "slog-kvfilter"
version = "0.7.0"
source = "registry+https://github.com/rust-lang/crates.io-index"
checksum = "ae939ed7d169eed9699f4f5cd440f046f5dc5dfc27c19e3cd311619594c175e0"
dependencies = [
 "regex",
 "slog",
]

[[package]]
name = "slog-scope"
version = "4.4.0"
source = "registry+https://github.com/rust-lang/crates.io-index"
checksum = "2f95a4b4c3274cd2869549da82b57ccc930859bdbf5bcea0424bc5f140b3c786"
dependencies = [
 "arc-swap",
 "lazy_static",
 "slog",
]

[[package]]
name = "slog-stdlog"
version = "3.0.5"
source = "registry+https://github.com/rust-lang/crates.io-index"
checksum = "f1c469573d1e3f36f9eee66cd132206caf47b50c94b1f6c6e7b4d8235e9ecf01"
dependencies = [
 "crossbeam",
 "log 0.3.9",
 "slog",
 "slog-scope",
]

[[package]]
name = "slog-term"
version = "2.7.0"
source = "registry+https://github.com/rust-lang/crates.io-index"
checksum = "c76d88c965d3c60da712ef89ba2bca3fd118ed6dead726a9b7153eaddd7a56b1"
dependencies = [
 "atty",
 "chrono",
 "slog",
 "term",
 "thread_local",
]

[[package]]
name = "sloggers"
version = "0.3.6"
source = "registry+https://github.com/rust-lang/crates.io-index"
checksum = "31bef221d42166d6708aa1e9b0182324b37a0a7517ff590ec201dbfe1cfa46ef"
dependencies = [
 "chrono",
 "libflate",
 "regex",
 "serde",
 "serde_derive",
 "slog",
 "slog-async",
 "slog-kvfilter",
 "slog-scope",
 "slog-stdlog",
 "slog-term",
 "trackable",
]

[[package]]
name = "smallvec"
version = "0.6.14"
source = "registry+https://github.com/rust-lang/crates.io-index"
checksum = "b97fcaeba89edba30f044a10c6a3cc39df9c3f17d7cd829dd1446cab35f890e0"
dependencies = [
 "maybe-uninit",
]

[[package]]
name = "smallvec"
version = "1.6.1"
source = "registry+https://github.com/rust-lang/crates.io-index"
checksum = "fe0f37c9e8f3c5a4a66ad655a93c74daac4ad00c441533bf5c6e7990bb42604e"

[[package]]
name = "socket2"
version = "0.3.19"
source = "registry+https://github.com/rust-lang/crates.io-index"
checksum = "122e570113d28d773067fab24266b66753f6ea915758651696b6e35e49f88d6e"
dependencies = [
 "cfg-if 1.0.0",
 "libc",
 "winapi 0.3.9",
]

[[package]]
name = "spin"
version = "0.5.2"
source = "registry+https://github.com/rust-lang/crates.io-index"
checksum = "6e63cff320ae2c57904679ba7cb63280a3dc4613885beafb148ee7bf9aa9042d"

[[package]]
name = "static_assertions"
version = "1.1.0"
source = "registry+https://github.com/rust-lang/crates.io-index"
checksum = "a2eb9349b6444b326872e140eb1cf5e7c522154d69e7a0ffb0fb81c06b37543f"

[[package]]
name = "strsim"
version = "0.8.0"
source = "registry+https://github.com/rust-lang/crates.io-index"
checksum = "8ea5119cdb4c55b55d432abb513a0429384878c15dde60cc77b1c99de1a95a6a"

[[package]]
name = "structopt"
version = "0.3.21"
source = "registry+https://github.com/rust-lang/crates.io-index"
checksum = "5277acd7ee46e63e5168a80734c9f6ee81b1367a7d8772a2d765df2a3705d28c"
dependencies = [
 "clap",
 "lazy_static",
 "structopt-derive",
]

[[package]]
name = "structopt-derive"
version = "0.4.14"
source = "registry+https://github.com/rust-lang/crates.io-index"
checksum = "5ba9cdfda491b814720b6b06e0cac513d922fc407582032e8706e9f137976f90"
dependencies = [
 "heck",
 "proc-macro-error",
 "proc-macro2",
 "quote",
 "syn",
]

[[package]]
name = "syn"
version = "1.0.60"
source = "registry+https://github.com/rust-lang/crates.io-index"
checksum = "c700597eca8a5a762beb35753ef6b94df201c81cca676604f547495a0d7f0081"
dependencies = [
 "proc-macro2",
 "quote",
 "unicode-xid",
]

[[package]]
name = "take_mut"
version = "0.2.2"
source = "registry+https://github.com/rust-lang/crates.io-index"
checksum = "f764005d11ee5f36500a149ace24e00e3da98b0158b3e2d53a7495660d3f4d60"

[[package]]
name = "tap"
version = "1.0.0"
source = "registry+https://github.com/rust-lang/crates.io-index"
checksum = "36474e732d1affd3a6ed582781b3683df3d0563714c59c39591e8ff707cf078e"

[[package]]
name = "term"
version = "0.6.1"
source = "registry+https://github.com/rust-lang/crates.io-index"
checksum = "c0863a3345e70f61d613eab32ee046ccd1bcc5f9105fe402c61fcd0c13eeb8b5"
dependencies = [
 "dirs",
 "winapi 0.3.9",
]

[[package]]
name = "textwrap"
version = "0.11.0"
source = "registry+https://github.com/rust-lang/crates.io-index"
checksum = "d326610f408c7a4eb6f51c37c330e496b08506c9457c9d34287ecc38809fb060"
dependencies = [
 "unicode-width",
]

[[package]]
name = "thiserror"
version = "1.0.23"
source = "registry+https://github.com/rust-lang/crates.io-index"
checksum = "76cc616c6abf8c8928e2fdcc0dbfab37175edd8fb49a4641066ad1364fdab146"
dependencies = [
 "thiserror-impl",
]

[[package]]
name = "thiserror-impl"
version = "1.0.23"
source = "registry+https://github.com/rust-lang/crates.io-index"
checksum = "9be73a2caec27583d0046ef3796c3794f868a5bc813db689eed00c7631275cd1"
dependencies = [
 "proc-macro2",
 "quote",
 "syn",
]

[[package]]
name = "thread_local"
version = "1.1.3"
source = "registry+https://github.com/rust-lang/crates.io-index"
checksum = "8018d24e04c95ac8790716a5987d0fec4f8b27249ffa0f7d33f1369bdfb88cbd"
dependencies = [
 "once_cell",
]

[[package]]
name = "time"
version = "0.1.43"
source = "registry+https://github.com/rust-lang/crates.io-index"
checksum = "ca8a50ef2360fbd1eeb0ecd46795a87a19024eb4b53c5dc916ca1fd95fe62438"
dependencies = [
 "libc",
 "winapi 0.3.9",
]

[[package]]
name = "tiny-keccak"
version = "2.0.2"
source = "registry+https://github.com/rust-lang/crates.io-index"
checksum = "2c9d3793400a45f954c52e73d068316d76b6f4e36977e3fcebb13a2721e80237"
dependencies = [
 "crunchy",
]

[[package]]
name = "tokio"
version = "1.2.0"
source = "registry+https://github.com/rust-lang/crates.io-index"
checksum = "e8190d04c665ea9e6b6a0dc45523ade572c088d2e6566244c1122671dbf4ae3a"
dependencies = [
 "autocfg",
 "bytes",
 "libc",
 "memchr",
 "mio",
 "num_cpus",
 "once_cell",
 "parking_lot 0.11.1",
 "pin-project-lite",
 "signal-hook-registry",
 "tokio-macros",
 "winapi 0.3.9",
]

[[package]]
name = "tokio-macros"
version = "1.1.0"
source = "registry+https://github.com/rust-lang/crates.io-index"
checksum = "caf7b11a536f46a809a8a9f0bb4237020f70ecbf115b842360afb127ea2fda57"
dependencies = [
 "proc-macro2",
 "quote",
 "syn",
]

[[package]]
name = "tokio-util"
version = "0.6.3"
source = "registry+https://github.com/rust-lang/crates.io-index"
checksum = "ebb7cb2f00c5ae8df755b252306272cd1790d39728363936e01827e11f0b017b"
dependencies = [
 "bytes",
 "futures-core",
 "futures-sink",
 "log 0.4.14",
 "pin-project-lite",
 "tokio",
]

[[package]]
name = "trackable"
version = "0.2.23"
source = "registry+https://github.com/rust-lang/crates.io-index"
checksum = "11475c3c53b075360eac9794965822cb053996046545f91cf61d90e00b72efa5"
dependencies = [
 "trackable_derive",
]

[[package]]
name = "trackable_derive"
version = "0.1.3"
source = "registry+https://github.com/rust-lang/crates.io-index"
checksum = "edcf0b9b2caa5f4804ef77aeee1b929629853d806117c48258f402b69737e65c"
dependencies = [
 "quote",
 "syn",
]

[[package]]
name = "typenum"
version = "1.12.0"
source = "registry+https://github.com/rust-lang/crates.io-index"
checksum = "373c8a200f9e67a0c95e62a4f52fbf80c23b4381c05a17845531982fa99e6b33"

[[package]]
name = "unicode-segmentation"
version = "1.7.1"
source = "registry+https://github.com/rust-lang/crates.io-index"
checksum = "bb0d2e7be6ae3a5fa87eed5fb451aff96f2573d2694942e40543ae0bbe19c796"

[[package]]
name = "unicode-width"
version = "0.1.8"
source = "registry+https://github.com/rust-lang/crates.io-index"
checksum = "9337591893a19b88d8d87f2cec1e73fad5cdfd10e5a6f349f498ad6ea2ffb1e3"

[[package]]
name = "unicode-xid"
version = "0.2.1"
source = "registry+https://github.com/rust-lang/crates.io-index"
checksum = "f7fe0bb3479651439c9112f72b6c505038574c9fbb575ed1bf3b797fa39dd564"

[[package]]
name = "utf8parse"
version = "0.2.0"
source = "registry+https://github.com/rust-lang/crates.io-index"
checksum = "936e4b492acfd135421d8dca4b1aa80a7bfc26e702ef3af710e0752684df5372"

[[package]]
name = "vec_map"
version = "0.8.2"
source = "registry+https://github.com/rust-lang/crates.io-index"
checksum = "f1bddf1187be692e79c5ffeab891132dfb0f236ed36a43c7ed39f1165ee20191"

[[package]]
name = "version_check"
version = "0.9.2"
source = "registry+https://github.com/rust-lang/crates.io-index"
checksum = "b5a972e5669d67ba988ce3dc826706fb0a8b01471c088cb0b6110b805cc36aed"

[[package]]
name = "walkdir"
version = "2.3.1"
source = "registry+https://github.com/rust-lang/crates.io-index"
checksum = "777182bc735b6424e1a57516d35ed72cb8019d85c8c9bf536dccb3445c1a2f7d"
dependencies = [
 "same-file",
 "winapi 0.3.9",
 "winapi-util",
]

[[package]]
name = "wasi"
version = "0.9.0+wasi-snapshot-preview1"
source = "registry+https://github.com/rust-lang/crates.io-index"
checksum = "cccddf32554fecc6acb585f82a32a72e28b48f8c4c1883ddfeeeaa96f7d8e519"

[[package]]
name = "wasi"
version = "0.10.2+wasi-snapshot-preview1"
source = "registry+https://github.com/rust-lang/crates.io-index"
checksum = "fd6fbd9a79829dd1ad0cc20627bf1ed606756a7f77edff7b66b7064f9cb327c6"

[[package]]
name = "winapi"
version = "0.2.8"
source = "registry+https://github.com/rust-lang/crates.io-index"
checksum = "167dc9d6949a9b857f3451275e911c3f44255842c1f7a76f33c55103a909087a"

[[package]]
name = "winapi"
version = "0.3.9"
source = "registry+https://github.com/rust-lang/crates.io-index"
checksum = "5c839a674fcd7a98952e593242ea400abe93992746761e38641405d28b00f419"
dependencies = [
 "winapi-i686-pc-windows-gnu",
 "winapi-x86_64-pc-windows-gnu",
]

[[package]]
name = "winapi-build"
version = "0.1.1"
source = "registry+https://github.com/rust-lang/crates.io-index"
checksum = "2d315eee3b34aca4797b2da6b13ed88266e6d612562a0c46390af8299fc699bc"

[[package]]
name = "winapi-i686-pc-windows-gnu"
version = "0.4.0"
source = "registry+https://github.com/rust-lang/crates.io-index"
checksum = "ac3b87c63620426dd9b991e5ce0329eff545bccbbb34f3be09ff6fb6ab51b7b6"

[[package]]
name = "winapi-util"
version = "0.1.5"
source = "registry+https://github.com/rust-lang/crates.io-index"
checksum = "70ec6ce85bb158151cae5e5c87f95a8e97d2c0c4b001223f33a334e3ce5de178"
dependencies = [
 "winapi 0.3.9",
]

[[package]]
name = "winapi-x86_64-pc-windows-gnu"
version = "0.4.0"
source = "registry+https://github.com/rust-lang/crates.io-index"
checksum = "712e227841d057c1ee1cd2fb22fa7e5a5461ae8e48fa2ca79ec42cfc1931183f"

[[package]]
name = "wyz"
version = "0.2.0"
source = "registry+https://github.com/rust-lang/crates.io-index"
checksum = "85e60b0d1b5f99db2556934e21937020776a5d31520bf169e851ac44e6420214"

[[package]]
name = "x7"
version = "0.2.0"
source = "git+https://github.com/dpbriggs/x7.git#a18ccd76023a7b5a5dfc8c1d133e3dea95b99866"
dependencies = [
 "anyhow",
 "bigdecimal",
 "dashmap 3.11.10",
 "im",
 "itertools",
 "nom",
 "num-traits",
 "once_cell",
 "parking_lot 0.11.1",
 "rand",
 "regex",
 "rustyline 7.1.0",
 "rustyline-derive",
 "structopt",
 "thiserror",
 "walkdir",
]
